{
	"name": "homebridge-adb",
	"version": "2.0.0-beta.1",
	"lockfileVersion": 2,
	"requires": true,
	"packages": {
		"": {
			"name": "homebridge-adb",
			"version": "2.0.0-beta.1",
			"license": "MIT",
			"dependencies": {
				"wake_on_lan": "^1.0.0"
			},
			"engines": {
				"homebridge": ">=1.4.0",
				"node": ">=14.0.0"
			}
		},
		"node_modules/minimist": {
			"version": "1.2.6",
			"resolved": "https://registry.npmjs.org/minimist/-/minimist-1.2.6.tgz",
			"integrity": "sha512-Jsjnk4bw3YJqYzbdyBiNsPWHPfO++UGG749Cxs6peCu5Xg4nrena6OVxOYxrQTqww0Jmwt+Ref8rggumkTLz9Q=="
		},
		"node_modules/wake_on_lan": {
			"version": "1.0.0",
			"resolved": "https://registry.npmjs.org/wake_on_lan/-/wake_on_lan-1.0.0.tgz",
			"integrity": "sha1-UWUZ7lq0GmUteci9VwT85uzUzbI=",
			"dependencies": {
				"minimist": "^1.2.0"
			},
			"bin": {
				"wake": "wake"
			}
		}
	},
	"dependencies": {
		"minimist": {
			"version": "1.2.6",
			"resolved": "https://registry.npmjs.org/minimist/-/minimist-1.2.6.tgz",
			"integrity": "sha512-Jsjnk4bw3YJqYzbdyBiNsPWHPfO++UGG749Cxs6peCu5Xg4nrena6OVxOYxrQTqww0Jmwt+Ref8rggumkTLz9Q=="
		},
		"wake_on_lan": {
			"version": "1.0.0",
			"resolved": "https://registry.npmjs.org/wake_on_lan/-/wake_on_lan-1.0.0.tgz",
			"integrity": "sha1-UWUZ7lq0GmUteci9VwT85uzUzbI=",
			"requires": {
				"minimist": "^1.2.0"
			}
		}
	}
}
